
Microsoft Visual Studio Solution File, Format Version 12.00
# Visual Studio Version 16
VisualStudioVersion = 16.0.30011.22
MinimumVisualStudioVersion = 10.0.40219.1
Project("{FAE04EC0-301F-11D3-BF4B-00C04F79EFBC}") = "OOD.Singleton", "OOD.Singleton\OOD.Singleton.csproj", "{11F4341C-04BC-43DB-BB9D-DEA1F8681051}"
EndProject
Project("{FAE04EC0-301F-11D3-BF4B-00C04F79EFBC}") = "OOD.SingletonSealed", "OOD.SingletonSealed\OOD.SingletonSealed.csproj", "{413980D3-BB8F-4D64-91F5-355801A8F8B5}"
EndProject
Global
	GlobalSection(SolutionConfigurationPlatforms) = preSolution
		Debug|Any CPU = Debug|Any CPU
		Release|Any CPU = Release|Any CPU
	EndGlobalSection
	GlobalSection(ProjectConfigurationPlatforms) = postSolution
		{11F4341C-04BC-43DB-BB9D-DEA1F8681051}.Debug|Any CPU.ActiveCfg = Debug|Any CPU
		{11F4341C-04BC-43DB-BB9D-DEA1F8681051}.Debug|Any CPU.Build.0 = Debug|Any CPU
		{11F4341C-04BC-43DB-BB9D-DEA1F8681051}.Release|Any CPU.ActiveCfg = Release|Any CPU
		{11F4341C-04BC-43DB-BB9D-DEA1F8681051}.Release|Any CPU.Build.0 = Release|Any CPU
		{413980D3-BB8F-4D64-91F5-355801A8F8B5}.Debug|Any CPU.ActiveCfg = Debug|Any CPU
		{413980D3-BB8F-4D64-91F5-355801A8F8B5}.Debug|Any CPU.Build.0 = Debug|Any CPU
		{413980D3-BB8F-4D64-91F5-355801A8F8B5}.Release|Any CPU.ActiveCfg = Release|Any CPU
		{413980D3-BB8F-4D64-91F5-355801A8F8B5}.Release|Any CPU.Build.0 = Release|Any CPU
	EndGlobalSection
	GlobalSection(SolutionProperties) = preSolution
		HideSolutionNode = FALSE
	EndGlobalSection
	GlobalSection(ExtensibilityGlobals) = postSolution
		SolutionGuid = {F824592A-74A8-447D-8E0D-986F81559F1C}
	EndGlobalSection
EndGlobal
